
Microsoft Visual Studio Solution File, Format Version 12.00
# Visual Studio Version 16
VisualStudioVersion = 16.0.31321.278
MinimumVisualStudioVersion = 10.0.40219.1
Project("{FAE04EC0-301F-11D3-BF4B-00C04F79EFBC}") = "testGovna", "testGovna.csproj", "{36A6EA6D-1DAE-4559-8AA5-AABD4A5FDAAA}"
EndProject
Project("{FAE04EC0-301F-11D3-BF4B-00C04F79EFBC}") = "ClassLibraryTest", "..\ClassLibraryTest\ClassLibraryTest.csproj", "{FF146F77-BFF6-4B00-ADD6-21AE9A038A1A}"
EndProject
Project("{FAE04EC0-301F-11D3-BF4B-00C04F79EFBC}") = "UnitTestsForLib", "..\UnitTestsForLib\UnitTestsForLib.csproj", "{9528FFBA-D39F-43E3-BF5F-5107D67FB7B6}"
EndProject
Global
	GlobalSection(SolutionConfigurationPlatforms) = preSolution
		Debug|Any CPU = Debug|Any CPU
		Release|Any CPU = Release|Any CPU
	EndGlobalSection
	GlobalSection(ProjectConfigurationPlatforms) = postSolution
		{36A6EA6D-1DAE-4559-8AA5-AABD4A5FDAAA}.Debug|Any CPU.ActiveCfg = Debug|Any CPU
		{36A6EA6D-1DAE-4559-8AA5-AABD4A5FDAAA}.Debug|Any CPU.Build.0 = Debug|Any CPU
		{36A6EA6D-1DAE-4559-8AA5-AABD4A5FDAAA}.Release|Any CPU.ActiveCfg = Release|Any CPU
		{36A6EA6D-1DAE-4559-8AA5-AABD4A5FDAAA}.Release|Any CPU.Build.0 = Release|Any CPU
		{FF146F77-BFF6-4B00-ADD6-21AE9A038A1A}.Debug|Any CPU.ActiveCfg = Debug|Any CPU
		{FF146F77-BFF6-4B00-ADD6-21AE9A038A1A}.Debug|Any CPU.Build.0 = Debug|Any CPU
		{FF146F77-BFF6-4B00-ADD6-21AE9A038A1A}.Release|Any CPU.ActiveCfg = Release|Any CPU
		{FF146F77-BFF6-4B00-ADD6-21AE9A038A1A}.Release|Any CPU.Build.0 = Release|Any CPU
		{9528FFBA-D39F-43E3-BF5F-5107D67FB7B6}.Debug|Any CPU.ActiveCfg = Debug|Any CPU
		{9528FFBA-D39F-43E3-BF5F-5107D67FB7B6}.Debug|Any CPU.Build.0 = Debug|Any CPU
		{9528FFBA-D39F-43E3-BF5F-5107D67FB7B6}.Release|Any CPU.ActiveCfg = Release|Any CPU
		{9528FFBA-D39F-43E3-BF5F-5107D67FB7B6}.Release|Any CPU.Build.0 = Release|Any CPU
	EndGlobalSection
	GlobalSection(SolutionProperties) = preSolution
		HideSolutionNode = FALSE
	EndGlobalSection
	GlobalSection(ExtensibilityGlobals) = postSolution
		SolutionGuid = {DC6F19EB-1B9D-4CDC-A87B-2B79C2DC455F}
	EndGlobalSection
EndGlobal
